
Microsoft Visual Studio Solution File, Format Version 12.00
# Visual Studio Version 17
VisualStudioVersion = 17.5.33502.453
MinimumVisualStudioVersion = 10.0.40219.1
Project("{FAE04EC0-301F-11D3-BF4B-00C04F79EFBC}") = "WeatheUtopia", "WeatheUtopia\WeatheUtopia.csproj", "{C0252BBA-5370-46EB-9A28-702D9DF97FCE}"
EndProject
Global
	GlobalSection(SolutionConfigurationPlatforms) = preSolution
		Debug|Any CPU = Debug|Any CPU
		Release|Any CPU = Release|Any CPU
	EndGlobalSection
	GlobalSection(ProjectConfigurationPlatforms) = postSolution
		{C0252BBA-5370-46EB-9A28-702D9DF97FCE}.Debug|Any CPU.ActiveCfg = Debug|Any CPU
		{C0252BBA-5370-46EB-9A28-702D9DF97FCE}.Debug|Any CPU.Build.0 = Debug|Any CPU
		{C0252BBA-5370-46EB-9A28-702D9DF97FCE}.Release|Any CPU.ActiveCfg = Release|Any CPU
		{C0252BBA-5370-46EB-9A28-702D9DF97FCE}.Release|Any CPU.Build.0 = Release|Any CPU
	EndGlobalSection
	GlobalSection(SolutionProperties) = preSolution
		HideSolutionNode = FALSE
	EndGlobalSection
	GlobalSection(ExtensibilityGlobals) = postSolution
		SolutionGuid = {A0248DF9-B63C-41EE-8DC7-98AB06B65858}
	EndGlobalSection
EndGlobal
